
Microsoft Visual Studio Solution File, Format Version 12.00
# Visual Studio Version 16
VisualStudioVersion = 16.0.29215.179
MinimumVisualStudioVersion = 10.0.40219.1
Project("{FAE04EC0-301F-11D3-BF4B-00C04F79EFBC}") = "2_5.3_Lab", "2_5.3_Lab\2_5.3_Lab.csproj", "{3D92ED37-B87C-4833-B1B9-473C703F3270}"
EndProject
Global
	GlobalSection(SolutionConfigurationPlatforms) = preSolution
		Debug|Any CPU = Debug|Any CPU
		Release|Any CPU = Release|Any CPU
	EndGlobalSection
	GlobalSection(ProjectConfigurationPlatforms) = postSolution
		{3D92ED37-B87C-4833-B1B9-473C703F3270}.Debug|Any CPU.ActiveCfg = Debug|Any CPU
		{3D92ED37-B87C-4833-B1B9-473C703F3270}.Debug|Any CPU.Build.0 = Debug|Any CPU
		{3D92ED37-B87C-4833-B1B9-473C703F3270}.Release|Any CPU.ActiveCfg = Release|Any CPU
		{3D92ED37-B87C-4833-B1B9-473C703F3270}.Release|Any CPU.Build.0 = Release|Any CPU
	EndGlobalSection
	GlobalSection(SolutionProperties) = preSolution
		HideSolutionNode = FALSE
	EndGlobalSection
	GlobalSection(ExtensibilityGlobals) = postSolution
		SolutionGuid = {47F6171E-B57D-4E0C-A61D-9A6F670348D1}
	EndGlobalSection
EndGlobal
